<?xml version="1.0" encoding="utf-8"?>
<Project ToolsVersion="4.0" xmlns="http://schemas.microsoft.com/developer/msbuild/2003">
  <ItemGroup>
    <Filter Include="Source Files">
      <UniqueIdentifier>{4FC737F1-C7A5-4376-A066-2A32D752A2FF}</UniqueIdentifier>
      <Extensions>cpp;c;cc;cxx;c++;cppm;ixx;def;odl;idl;hpj;bat;asm;asmx</Extensions>
    </Filter>
    <Filter Include="Header Files">
      <UniqueIdentifier>{93995380-89BD-4b04-88EB-625FBE52EBFB}</UniqueIdentifier>
      <Extensions>h;hh;hpp;hxx;h++;hm;inl;inc;ipp;xsd</Extensions>
    </Filter>
    <Filter Include="Resource Files">
      <UniqueIdentifier>{67DA6AB6-F800-4c08-8B7A-83BB121AAD01}</UniqueIdentifier>
      <Extensions>rc;ico;cur;bmp;dlg;rc2;rct;bin;rgs;gif;jpg;jpeg;jpe;resx;tiff;tif;png;wav;mfcribbon-ms</Extensions>
    </Filter>
  </ItemGroup>
  <ItemGroup>
    <ClCompile Include="RTS.cpp">
      <Filter>Source Files</Filter>
    </ClCompile>
    <ClCompile Include="AudioIn.cpp">
      <Filter>Source Files</Filter>
    </ClCompile>
    <ClCompile Include="AudioProcessing.cpp">
      <Filter>Source Files</Filter>
    </ClCompile>
    <ClCompile Include="AudioOut.cpp">
      <Filter>Source Files</Filter>
    </ClCompile>
    <ClCompile Include="SoundTouch.cpp">
      <Filter>Source Files</Filter>
    </ClCompile>
    <ClCompile Include="TDStretch.cpp">
      <Filter>Source Files</Filter>
    </ClCompile>
    <ClCompile Include="RunParameters.cpp">
      <Filter>Source Files</Filter>
    </ClCompile>
    <ClCompile Include="AAFilter.cpp">
      <Filter>Source Files</Filter>
    </ClCompile>
    <ClCompile Include="BPMDetect.cpp">
      <Filter>Source Files</Filter>
    </ClCompile>
    <ClCompile Include="cpu_detect_x86.cpp">
      <Filter>Source Files</Filter>
    </ClCompile>
    <ClCompile Include="FIFOSampleBuffer.cpp">
      <Filter>Source Files</Filter>
    </ClCompile>
    <ClCompile Include="FIRFilter.cpp">
      <Filter>Source Files</Filter>
    </ClCompile>
    <ClCompile Include="InterpolateCubic.cpp">
      <Filter>Source Files</Filter>
    </ClCompile>
    <ClCompile Include="InterpolateLinear.cpp">
      <Filter>Source Files</Filter>
    </ClCompile>
    <ClCompile Include="InterpolateShannon.cpp">
      <Filter>Source Files</Filter>
    </ClCompile>
    <ClCompile Include="mmx_optimized.cpp">
      <Filter>Source Files</Filter>
    </ClCompile>
    <ClCompile Include="PeakFinder.cpp">
      <Filter>Source Files</Filter>
    </ClCompile>
    <ClCompile Include="RateTransposer.cpp">
      <Filter>Source Files</Filter>
    </ClCompile>
    <ClCompile Include="WavFile.cpp">
      <Filter>Source Files</Filter>
    </ClCompile>
    <ClCompile Include="fft.cpp">
      <Filter>Source Files</Filter>
    </ClCompile>
    <ClCompile Include="fundamental.cpp">
      <Filter>Source Files</Filter>
    </ClCompile>
    <ClCompile Include="ifft.cpp">
      <Filter>Source Files</Filter>
    </ClCompile>
    <ClCompile Include="targetfreq.cpp">
      <Filter>Source Files</Filter>
    </ClCompile>
  </ItemGroup>
  <ItemGroup>
    <ClInclude Include="AudioIn.h">
      <Filter>Header Files</Filter>
    </ClInclude>
    <ClInclude Include="AudioProcessing.h">
      <Filter>Header Files</Filter>
    </ClInclude>
    <ClInclude Include="AudioOutr.h">
      <Filter>Header Files</Filter>
    </ClInclude>
    <ClInclude Include="RunParameters.h">
      <Filter>Header Files</Filter>
    </ClInclude>
    <ClInclude Include="TDStretch.h">
      <Filter>Header Files</Filter>
    </ClInclude>
    <ClInclude Include="cpu_detect.h">
      <Filter>Header Files</Filter>
    </ClInclude>
    <ClInclude Include="FIRFilter.h">
      <Filter>Header Files</Filter>
    </ClInclude>
    <ClInclude Include="InterpolateCubic.h">
      <Filter>Header Files</Filter>
    </ClInclude>
    <ClInclude Include="InterpolateLinear.h">
      <Filter>Header Files</Filter>
    </ClInclude>
    <ClInclude Include="InterpolateShannon.h">
      <Filter>Header Files</Filter>
    </ClInclude>
    <ClInclude Include="PeakFinder.h">
      <Filter>Header Files</Filter>
    </ClInclude>
    <ClInclude Include="RateTransposer.h">
      <Filter>Header Files</Filter>
    </ClInclude>
    <ClInclude Include="AAFilter.h">
      <Filter>Header Files</Filter>
    </ClInclude>
    <ClInclude Include="WavFile.h">
      <Filter>Header Files</Filter>
    </ClInclude>
    <ClInclude Include="soundtouch_config.h">
      <Filter>Header Files</Filter>
    </ClInclude>
    <ClInclude Include="STTypes.h">
      <Filter>Header Files</Filter>
    </ClInclude>
    <ClInclude Include="BPMDetect.h">
      <Filter>Header Files</Filter>
    </ClInclude>
    <ClInclude Include="FIFOSampleBuffer.h">
      <Filter>Header Files</Filter>
    </ClInclude>
    <ClInclude Include="FIFOSamplePipe.h">
      <Filter>Header Files</Filter>
    </ClInclude>
    <ClInclude Include="SoundTouch.h">
      <Filter>Header Files</Filter>
    </ClInclude>
    <ClInclude Include="fourier.h">
      <Filter>Header Files</Filter>
    </ClInclude>
    <ClInclude Include="fundamental.h">
      <Filter>Header Files</Filter>
    </ClInclude>
    <ClInclude Include="targetfreq.h">
      <Filter>Header Files</Filter>
    </ClInclude>
  </ItemGroup>
</Project>